
Microsoft Visual Studio Solution File, Format Version 12.00
# Visual Studio Version 17
VisualStudioVersion = 17.3.32922.545
MinimumVisualStudioVersion = 10.0.40219.1
Project("{FAE04EC0-301F-11D3-BF4B-00C04F79EFBC}") = "calculator2", "calculator2\calculator2.csproj", "{FBD57EC7-E827-4CCF-930D-8A58C91784D2}"
EndProject
Global
	GlobalSection(SolutionConfigurationPlatforms) = preSolution
		Debug|Any CPU = Debug|Any CPU
		Release|Any CPU = Release|Any CPU
	EndGlobalSection
	GlobalSection(ProjectConfigurationPlatforms) = postSolution
		{FBD57EC7-E827-4CCF-930D-8A58C91784D2}.Debug|Any CPU.ActiveCfg = Debug|Any CPU
		{FBD57EC7-E827-4CCF-930D-8A58C91784D2}.Debug|Any CPU.Build.0 = Debug|Any CPU
		{FBD57EC7-E827-4CCF-930D-8A58C91784D2}.Release|Any CPU.ActiveCfg = Release|Any CPU
		{FBD57EC7-E827-4CCF-930D-8A58C91784D2}.Release|Any CPU.Build.0 = Release|Any CPU
	EndGlobalSection
	GlobalSection(SolutionProperties) = preSolution
		HideSolutionNode = FALSE
	EndGlobalSection
	GlobalSection(ExtensibilityGlobals) = postSolution
		SolutionGuid = {89D817E2-B35F-4B4B-A80F-79CE743536BB}
	EndGlobalSection
EndGlobal
